
Microsoft Visual Studio Solution File, Format Version 12.00
# Visual Studio Version 16
VisualStudioVersion = 16.0.28803.352
MinimumVisualStudioVersion = 10.0.40219.1
Project("{2150E333-8FDC-42A3-9474-1A3956D46DE8}") = "Solution Items", "Solution Items", "{82AE0B13-A21B-43E8-8DCA-338822373038}"
	ProjectSection(SolutionItems) = preProject
		.editorconfig = .editorconfig
		.gitignore = .gitignore
		.gitmodules = .gitmodules
		build.cake = build.cake
		build.ps1 = build.ps1
		build.sh = build.sh
		LICENSE = LICENSE
		README.md = README.md
	EndProjectSection
EndProject
Project("{2150E333-8FDC-42A3-9474-1A3956D46DE8}") = "src", "src", "{253B6D9E-52FD-46FC-BEA9-9AD4DAE65EE2}"
EndProject
Project("{FAE04EC0-301F-11D3-BF4B-00C04F79EFBC}") = "OnionSeed.Helpers.Security", "src\OnionSeed.Helpers.Security\OnionSeed.Helpers.Security.csproj", "{60100C26-A3EB-40F0-B9F2-EC9F8B72B6B2}"
EndProject
Global
	GlobalSection(SolutionConfigurationPlatforms) = preSolution
		Debug|Any CPU = Debug|Any CPU
		Release|Any CPU = Release|Any CPU
	EndGlobalSection
	GlobalSection(ProjectConfigurationPlatforms) = postSolution
		{60100C26-A3EB-40F0-B9F2-EC9F8B72B6B2}.Debug|Any CPU.ActiveCfg = Debug|Any CPU
		{60100C26-A3EB-40F0-B9F2-EC9F8B72B6B2}.Debug|Any CPU.Build.0 = Debug|Any CPU
		{60100C26-A3EB-40F0-B9F2-EC9F8B72B6B2}.Release|Any CPU.ActiveCfg = Release|Any CPU
		{60100C26-A3EB-40F0-B9F2-EC9F8B72B6B2}.Release|Any CPU.Build.0 = Release|Any CPU
	EndGlobalSection
	GlobalSection(SolutionProperties) = preSolution
		HideSolutionNode = FALSE
	EndGlobalSection
	GlobalSection(NestedProjects) = preSolution
		{60100C26-A3EB-40F0-B9F2-EC9F8B72B6B2} = {253B6D9E-52FD-46FC-BEA9-9AD4DAE65EE2}
	EndGlobalSection
	GlobalSection(ExtensibilityGlobals) = postSolution
		SolutionGuid = {A63FA778-1A70-4CBD-A47B-991E011F3C87}
	EndGlobalSection
EndGlobal
